
Microsoft Visual Studio Solution File, Format Version 12.00
# Visual Studio 15
VisualStudioVersion = 15.0.26124.0
MinimumVisualStudioVersion = 15.0.26124.0
Project("{FAE04EC0-301F-11D3-BF4B-00C04F79EFBC}") = "Answer", "Answer\Answer.csproj", "{42B2F704-2A1C-4B12-9013-5EF57189B450}"
EndProject
Project("{FAE04EC0-301F-11D3-BF4B-00C04F79EFBC}") = "AutoClient", "AutoClient\AutoClient.csproj", "{396D67D3-345A-4BA6-838D-0CE2AEC2970C}"
EndProject
Global
	GlobalSection(SolutionConfigurationPlatforms) = preSolution
		Debug|Any CPU = Debug|Any CPU
		Debug|x64 = Debug|x64
		Debug|x86 = Debug|x86
		Release|Any CPU = Release|Any CPU
		Release|x64 = Release|x64
		Release|x86 = Release|x86
	EndGlobalSection
	GlobalSection(SolutionProperties) = preSolution
		HideSolutionNode = FALSE
	EndGlobalSection
	GlobalSection(ProjectConfigurationPlatforms) = postSolution
		{42B2F704-2A1C-4B12-9013-5EF57189B450}.Debug|Any CPU.ActiveCfg = Debug|Any CPU
		{42B2F704-2A1C-4B12-9013-5EF57189B450}.Debug|Any CPU.Build.0 = Debug|Any CPU
		{42B2F704-2A1C-4B12-9013-5EF57189B450}.Debug|x64.ActiveCfg = Debug|x64
		{42B2F704-2A1C-4B12-9013-5EF57189B450}.Debug|x64.Build.0 = Debug|x64
		{42B2F704-2A1C-4B12-9013-5EF57189B450}.Debug|x86.ActiveCfg = Debug|x86
		{42B2F704-2A1C-4B12-9013-5EF57189B450}.Debug|x86.Build.0 = Debug|x86
		{42B2F704-2A1C-4B12-9013-5EF57189B450}.Release|Any CPU.ActiveCfg = Release|Any CPU
		{42B2F704-2A1C-4B12-9013-5EF57189B450}.Release|Any CPU.Build.0 = Release|Any CPU
		{42B2F704-2A1C-4B12-9013-5EF57189B450}.Release|x64.ActiveCfg = Release|x64
		{42B2F704-2A1C-4B12-9013-5EF57189B450}.Release|x64.Build.0 = Release|x64
		{42B2F704-2A1C-4B12-9013-5EF57189B450}.Release|x86.ActiveCfg = Release|x86
		{42B2F704-2A1C-4B12-9013-5EF57189B450}.Release|x86.Build.0 = Release|x86
		{396D67D3-345A-4BA6-838D-0CE2AEC2970C}.Debug|Any CPU.ActiveCfg = Debug|Any CPU
		{396D67D3-345A-4BA6-838D-0CE2AEC2970C}.Debug|Any CPU.Build.0 = Debug|Any CPU
		{396D67D3-345A-4BA6-838D-0CE2AEC2970C}.Debug|x64.ActiveCfg = Debug|x64
		{396D67D3-345A-4BA6-838D-0CE2AEC2970C}.Debug|x64.Build.0 = Debug|x64
		{396D67D3-345A-4BA6-838D-0CE2AEC2970C}.Debug|x86.ActiveCfg = Debug|x86
		{396D67D3-345A-4BA6-838D-0CE2AEC2970C}.Debug|x86.Build.0 = Debug|x86
		{396D67D3-345A-4BA6-838D-0CE2AEC2970C}.Release|Any CPU.ActiveCfg = Release|Any CPU
		{396D67D3-345A-4BA6-838D-0CE2AEC2970C}.Release|Any CPU.Build.0 = Release|Any CPU
		{396D67D3-345A-4BA6-838D-0CE2AEC2970C}.Release|x64.ActiveCfg = Release|x64
		{396D67D3-345A-4BA6-838D-0CE2AEC2970C}.Release|x64.Build.0 = Release|x64
		{396D67D3-345A-4BA6-838D-0CE2AEC2970C}.Release|x86.ActiveCfg = Release|x86
		{396D67D3-345A-4BA6-838D-0CE2AEC2970C}.Release|x86.Build.0 = Release|x86
	EndGlobalSection
EndGlobal
